// !$*UTF8*$!
{
	archiveVersion = 1;
	classes = {
	};
	objectVersion = 55;
	objects = {

/* Begin PBXBuildFile section */
		7AA91E9B28466B5F006B6BF9 /* MacroApp.swift in Sources */ = {isa = PBXBuildFile; fileRef = 7AA91E9A28466B5F006B6BF9 /* MacroApp.swift */; };
		7AA91E9F28466B60006B6BF9 /* Assets.xcassets in Resources */ = {isa = PBXBuildFile; fileRef = 7AA91E9E28466B60006B6BF9 /* Assets.xcassets */; };
		7AA91EA228466B60006B6BF9 /* Preview Assets.xcassets in Resources */ = {isa = PBXBuildFile; fileRef = 7AA91EA128466B60006B6BF9 /* Preview Assets.xcassets */; };
		E007999228466E7E005F7252 /* Algorithms in Frameworks */ = {isa = PBXBuildFile; productRef = E007999128466E7E005F7252 /* Algorithms */; };
		E0E461DB2846D4010044E19D /* GoogleService-Info.plist in Resources */ = {isa = PBXBuildFile; fileRef = E0E461DA2846D4010044E19D /* GoogleService-Info.plist */; };
		E0E461DE2846DFEC0044E19D /* FirebaseAnalytics in Frameworks */ = {isa = PBXBuildFile; productRef = E0E461DD2846DFEC0044E19D /* FirebaseAnalytics */; };
		E0E461E02846DFEC0044E19D /* FirebaseAuth in Frameworks */ = {isa = PBXBuildFile; productRef = E0E461DF2846DFEC0044E19D /* FirebaseAuth */; };
		E0E461E22846DFEC0044E19D /* FirebaseDatabase in Frameworks */ = {isa = PBXBuildFile; productRef = E0E461E12846DFEC0044E19D /* FirebaseDatabase */; };
		E0E461E42846DFEC0044E19D /* FirebaseStorage in Frameworks */ = {isa = PBXBuildFile; productRef = E0E461E32846DFEC0044E19D /* FirebaseStorage */; };
		E0E461E928476E660044E19D /* HomeView.swift in Sources */ = {isa = PBXBuildFile; fileRef = E0E461E828476E660044E19D /* HomeView.swift */; };
		E0E461EC284778C10044E19D /* Model.swift in Sources */ = {isa = PBXBuildFile; fileRef = E0E461EB284778C10044E19D /* Model.swift */; };
		E0E461F328478AB10044E19D /* SignUp.swift in Sources */ = {isa = PBXBuildFile; fileRef = E0E461F228478AB10044E19D /* SignUp.swift */; };
/* End PBXBuildFile section */

/* Begin PBXFileReference section */
		7AA91E9728466B5F006B6BF9 /* Macro.app */ = {isa = PBXFileReference; explicitFileType = wrapper.application; includeInIndex = 0; path = Macro.app; sourceTree = BUILT_PRODUCTS_DIR; };
		7AA91E9A28466B5F006B6BF9 /* MacroApp.swift */ = {isa = PBXFileReference; lastKnownFileType = sourcecode.swift; path = MacroApp.swift; sourceTree = "<group>"; };
		7AA91E9E28466B60006B6BF9 /* Assets.xcassets */ = {isa = PBXFileReference; lastKnownFileType = folder.assetcatalog; path = Assets.xcassets; sourceTree = "<group>"; };
		7AA91EA128466B60006B6BF9 /* Preview Assets.xcassets */ = {isa = PBXFileReference; lastKnownFileType = folder.assetcatalog; path = "Preview Assets.xcassets"; sourceTree = "<group>"; };
		E0E461DA2846D4010044E19D /* GoogleService-Info.plist */ = {isa = PBXFileReference; fileEncoding = 4; lastKnownFileType = text.plist.xml; path = "GoogleService-Info.plist"; sourceTree = "<group>"; };
		E0E461E828476E660044E19D /* HomeView.swift */ = {isa = PBXFileReference; lastKnownFileType = sourcecode.swift; path = HomeView.swift; sourceTree = "<group>"; };
		E0E461EB284778C10044E19D /* Model.swift */ = {isa = PBXFileReference; lastKnownFileType = sourcecode.swift; path = Model.swift; sourceTree = "<group>"; };
		E0E461F228478AB10044E19D /* SignUp.swift */ = {isa = PBXFileReference; lastKnownFileType = sourcecode.swift; path = SignUp.swift; sourceTree = "<group>"; };
/* End PBXFileReference section */

/* Begin PBXFrameworksBuildPhase section */
		7AA91E9428466B5F006B6BF9 /* Frameworks */ = {
			isa = PBXFrameworksBuildPhase;
			buildActionMask = 2147483647;
			files = (
				E0E461DE2846DFEC0044E19D /* FirebaseAnalytics in Frameworks */,
				E0E461E02846DFEC0044E19D /* FirebaseAuth in Frameworks */,
				E0E461E22846DFEC0044E19D /* FirebaseDatabase in Frameworks */,
				E0E461E42846DFEC0044E19D /* FirebaseStorage in Frameworks */,
				E007999228466E7E005F7252 /* Algorithms in Frameworks */,
			);
			runOnlyForDeploymentPostprocessing = 0;
		};
/* End PBXFrameworksBuildPhase section */

/* Begin PBXGroup section */
		7AA91E8E28466B5F006B6BF9 = {
			isa = PBXGroup;
			children = (
				7AA91E9928466B5F006B6BF9 /* Macro */,
				7AA91E9828466B5F006B6BF9 /* Products */,
			);
			sourceTree = "<group>";
		};
		7AA91E9828466B5F006B6BF9 /* Products */ = {
			isa = PBXGroup;
			children = (
				7AA91E9728466B5F006B6BF9 /* Macro.app */,
			);
			name = Products;
			sourceTree = "<group>";
		};
		7AA91E9928466B5F006B6BF9 /* Macro */ = {
			isa = PBXGroup;
			children = (
				7AA91E9A28466B5F006B6BF9 /* MacroApp.swift */,
				E0E461EA2847788E0044E19D /* Models */,
				E0E461EF28477AEB0044E19D /* ViewModel */,
				E0E461E728476DDA0044E19D /* Views */,
				7AA91E9E28466B60006B6BF9 /* Assets.xcassets */,
				E0E461DA2846D4010044E19D /* GoogleService-Info.plist */,
				7AA91EA028466B60006B6BF9 /* Preview Content */,
			);
			path = Macro;
			sourceTree = "<group>";
		};
		7AA91EA028466B60006B6BF9 /* Preview Content */ = {
			isa = PBXGroup;
			children = (
				7AA91EA128466B60006B6BF9 /* Preview Assets.xcassets */,
			);
			path = "Preview Content";
			sourceTree = "<group>";
		};
		E0E461E728476DDA0044E19D /* Views */ = {
			isa = PBXGroup;
			children = (
				E0E461E828476E660044E19D /* HomeView.swift */,
				E0E461F228478AB10044E19D /* SignUp.swift */,
			);
			path = Views;
			sourceTree = "<group>";
		};
		E0E461EA2847788E0044E19D /* Models */ = {
			isa = PBXGroup;
			children = (
				E0E461EB284778C10044E19D /* Model.swift */,
			);
			path = Models;
			sourceTree = "<group>";
		};
		E0E461EF28477AEB0044E19D /* ViewModel */ = {
			isa = PBXGroup;
			children = (
			);
			path = ViewModel;
			sourceTree = "<group>";
		};
/* End PBXGroup section */

/* Begin PBXNativeTarget section */
		7AA91E9628466B5F006B6BF9 /* Macro */ = {
			isa = PBXNativeTarget;
			buildConfigurationList = 7AA91EA528466B60006B6BF9 /* Build configuration list for PBXNativeTarget "Macro" */;
			buildPhases = (
				7AA91E9328466B5F006B6BF9 /* Sources */,
				7AA91E9428466B5F006B6BF9 /* Frameworks */,
				7AA91E9528466B5F006B6BF9 /* Resources */,
			);
			buildRules = (
			);
			dependencies = (
			);
			name = Macro;
			packageProductDependencies = (
				E007999128466E7E005F7252 /* Algorithms */,
				E0E461DD2846DFEC0044E19D /* FirebaseAnalytics */,
				E0E461DF2846DFEC0044E19D /* FirebaseAuth */,
				E0E461E12846DFEC0044E19D /* FirebaseDatabase */,
				E0E461E32846DFEC0044E19D /* FirebaseStorage */,
			);
			productName = Macro;
			productReference = 7AA91E9728466B5F006B6BF9 /* Macro.app */;
			productType = "com.apple.product-type.application";
		};
/* End PBXNativeTarget section */

/* Begin PBXProject section */
		7AA91E8F28466B5F006B6BF9 /* Project object */ = {
			isa = PBXProject;
			attributes = {
				BuildIndependentTargetsInParallel = 1;
				LastSwiftUpdateCheck = 1310;
				LastUpgradeCheck = 1310;
				TargetAttributes = {
					7AA91E9628466B5F006B6BF9 = {
						CreatedOnToolsVersion = 13.1;
					};
				};
			};
			buildConfigurationList = 7AA91E9228466B5F006B6BF9 /* Build configuration list for PBXProject "Macro" */;
			compatibilityVersion = "Xcode 13.0";
			developmentRegion = en;
			hasScannedForEncodings = 0;
			knownRegions = (
				en,
				Base,
			);
			mainGroup = 7AA91E8E28466B5F006B6BF9;
			packageReferences = (
				E007999028466E7E005F7252 /* XCRemoteSwiftPackageReference "swift-algorithms" */,
				E0E461DC2846DFEC0044E19D /* XCRemoteSwiftPackageReference "firebase-ios-sdk" */,
			);
			productRefGroup = 7AA91E9828466B5F006B6BF9 /* Products */;
			projectDirPath = "";
			projectRoot = "";
			targets = (
				7AA91E9628466B5F006B6BF9 /* Macro */,
			);
		};
/* End PBXProject section */

/* Begin PBXResourcesBuildPhase section */
		7AA91E9528466B5F006B6BF9 /* Resources */ = {
			isa = PBXResourcesBuildPhase;
			buildActionMask = 2147483647;
			files = (
				7AA91EA228466B60006B6BF9 /* Preview Assets.xcassets in Resources */,
				7AA91E9F28466B60006B6BF9 /* Assets.xcassets in Resources */,
				E0E461DB2846D4010044E19D /* GoogleService-Info.plist in Resources */,
			);
			runOnlyForDeploymentPostprocessing = 0;
		};
/* End PBXResourcesBuildPhase section */

/* Begin PBXSourcesBuildPhase section */
		7AA91E9328466B5F006B6BF9 /* Sources */ = {
			isa = PBXSourcesBuildPhase;
			buildActionMask = 2147483647;
			files = (
				E0E461EC284778C10044E19D /* Model.swift in Sources */,
				E0E461F328478AB10044E19D /* SignUp.swift in Sources */,
				E0E461E928476E660044E19D /* HomeView.swift in Sources */,
				7AA91E9B28466B5F006B6BF9 /* MacroApp.swift in Sources */,
			);
			runOnlyForDeploymentPostprocessing = 0;
		};
/* End PBXSourcesBuildPhase section */

/* Begin XCBuildConfiguration section */
		7AA91EA328466B60006B6BF9 /* Debug */ = {
			isa = XCBuildConfiguration;
			buildSettings = {
				ALWAYS_SEARCH_USER_PATHS = NO;
				CLANG_ANALYZER_NONNULL = YES;
				CLANG_ANALYZER_NUMBER_OBJECT_CONVERSION = YES_AGGRESSIVE;
				CLANG_CXX_LANGUAGE_STANDARD = "gnu++17";
				CLANG_CXX_LIBRARY = "libc++";
				CLANG_ENABLE_MODULES = YES;
				CLANG_ENABLE_OBJC_ARC = YES;
				CLANG_ENABLE_OBJC_WEAK = YES;
				CLANG_WARN_BLOCK_CAPTURE_AUTORELEASING = YES;
				CLANG_WARN_BOOL_CONVERSION = YES;
				CLANG_WARN_COMMA = YES;
				CLANG_WARN_CONSTANT_CONVERSION = YES;
				CLANG_WARN_DEPRECATED_OBJC_IMPLEMENTATIONS = YES;
				CLANG_WARN_DIRECT_OBJC_ISA_USAGE = YES_ERROR;
				CLANG_WARN_DOCUMENTATION_COMMENTS = YES;
				CLANG_WARN_EMPTY_BODY = YES;
				CLANG_WARN_ENUM_CONVERSION = YES;
				CLANG_WARN_INFINITE_RECURSION = YES;
				CLANG_WARN_INT_CONVERSION = YES;
				CLANG_WARN_NON_LITERAL_NULL_CONVERSION = YES;
				CLANG_WARN_OBJC_IMPLICIT_RETAIN_SELF = YES;
				CLANG_WARN_OBJC_LITERAL_CONVERSION = YES;
				CLANG_WARN_OBJC_ROOT_CLASS = YES_ERROR;
				CLANG_WARN_QUOTED_INCLUDE_IN_FRAMEWORK_HEADER = YES;
				CLANG_WARN_RANGE_LOOP_ANALYSIS = YES;
				CLANG_WARN_STRICT_PROTOTYPES = YES;
				CLANG_WARN_SUSPICIOUS_MOVE = YES;
				CLANG_WARN_UNGUARDED_AVAILABILITY = YES_AGGRESSIVE;
				CLANG_WARN_UNREACHABLE_CODE = YES;
				CLANG_WARN__DUPLICATE_METHOD_MATCH = YES;
				COPY_PHASE_STRIP = NO;
				DEBUG_INFORMATION_FORMAT = dwarf;
				ENABLE_STRICT_OBJC_MSGSEND = YES;
				ENABLE_TESTABILITY = YES;
				GCC_C_LANGUAGE_STANDARD = gnu11;
				GCC_DYNAMIC_NO_PIC = NO;
				GCC_NO_COMMON_BLOCKS = YES;
				GCC_OPTIMIZATION_LEVEL = 0;
				GCC_PREPROCESSOR_DEFINITIONS = (
					"DEBUG=1",
					"$(inherited)",
				);
				GCC_WARN_64_TO_32_BIT_CONVERSION = YES;
				GCC_WARN_ABOUT_RETURN_TYPE = YES_ERROR;
				GCC_WARN_UNDECLARED_SELECTOR = YES;
				GCC_WARN_UNINITIALIZED_AUTOS = YES_AGGRESSIVE;
				GCC_WARN_UNUSED_FUNCTION = YES;
				GCC_WARN_UNUSED_VARIABLE = YES;
				IPHONEOS_DEPLOYMENT_TARGET = 15.0;
				MTL_ENABLE_DEBUG_INFO = INCLUDE_SOURCE;
				MTL_FAST_MATH = YES;
				ONLY_ACTIVE_ARCH = YES;
				SDKROOT = iphoneos;
				SWIFT_ACTIVE_COMPILATION_CONDITIONS = DEBUG;
				SWIFT_OPTIMIZATION_LEVEL = "-Onone";
			};
			name = Debug;
		};
		7AA91EA428466B60006B6BF9 /* Release */ = {
			isa = XCBuildConfiguration;
			buildSettings = {
				ALWAYS_SEARCH_USER_PATHS = NO;
				CLANG_ANALYZER_NONNULL = YES;
				CLANG_ANALYZER_NUMBER_OBJECT_CONVERSION = YES_AGGRESSIVE;
				CLANG_CXX_LANGUAGE_STANDARD = "gnu++17";
				CLANG_CXX_LIBRARY = "libc++";
				CLANG_ENABLE_MODULES = YES;
				CLANG_ENABLE_OBJC_ARC = YES;
				CLANG_ENABLE_OBJC_WEAK = YES;
				CLANG_WARN_BLOCK_CAPTURE_AUTORELEASING = YES;
				CLANG_WARN_BOOL_CONVERSION = YES;
				CLANG_WARN_COMMA = YES;
				CLANG_WARN_CONSTANT_CONVERSION = YES;
				CLANG_WARN_DEPRECATED_OBJC_IMPLEMENTATIONS = YES;
				CLANG_WARN_DIRECT_OBJC_ISA_USAGE = YES_ERROR;
				CLANG_WARN_DOCUMENTATION_COMMENTS = YES;
				CLANG_WARN_EMPTY_BODY = YES;
				CLANG_WARN_ENUM_CONVERSION = YES;
				CLANG_WARN_INFINITE_RECURSION = YES;
				CLANG_WARN_INT_CONVERSION = YES;
				CLANG_WARN_NON_LITERAL_NULL_CONVERSION = YES;
				CLANG_WARN_OBJC_IMPLICIT_RETAIN_SELF = YES;
				CLANG_WARN_OBJC_LITERAL_CONVERSION = YES;
				CLANG_WARN_OBJC_ROOT_CLASS = YES_ERROR;
				CLANG_WARN_QUOTED_INCLUDE_IN_FRAMEWORK_HEADER = YES;
				CLANG_WARN_RANGE_LOOP_ANALYSIS = YES;
				CLANG_WARN_STRICT_PROTOTYPES = YES;
				CLANG_WARN_SUSPICIOUS_MOVE = YES;
				CLANG_WARN_UNGUARDED_AVAILABILITY = YES_AGGRESSIVE;
				CLANG_WARN_UNREACHABLE_CODE = YES;
				CLANG_WARN__DUPLICATE_METHOD_MATCH = YES;
				COPY_PHASE_STRIP = NO;
				DEBUG_INFORMATION_FORMAT = "dwarf-with-dsym";
				ENABLE_NS_ASSERTIONS = NO;
				ENABLE_STRICT_OBJC_MSGSEND = YES;
				GCC_C_LANGUAGE_STANDARD = gnu11;
				GCC_NO_COMMON_BLOCKS = YES;
				GCC_WARN_64_TO_32_BIT_CONVERSION = YES;
				GCC_WARN_ABOUT_RETURN_TYPE = YES_ERROR;
				GCC_WARN_UNDECLARED_SELECTOR = YES;
				GCC_WARN_UNINITIALIZED_AUTOS = YES_AGGRESSIVE;
				GCC_WARN_UNUSED_FUNCTION = YES;
				GCC_WARN_UNUSED_VARIABLE = YES;
				IPHONEOS_DEPLOYMENT_TARGET = 15.0;
				MTL_ENABLE_DEBUG_INFO = NO;
				MTL_FAST_MATH = YES;
				SDKROOT = iphoneos;
				SWIFT_COMPILATION_MODE = wholemodule;
				SWIFT_OPTIMIZATION_LEVEL = "-O";
				VALIDATE_PRODUCT = YES;
			};
			name = Release;
		};
		7AA91EA628466B60006B6BF9 /* Debug */ = {
			isa = XCBuildConfiguration;
			buildSettings = {
				ASSETCATALOG_COMPILER_APPICON_NAME = AppIcon;
				ASSETCATALOG_COMPILER_GLOBAL_ACCENT_COLOR_NAME = AccentColor;
				CODE_SIGN_STYLE = Automatic;
				CURRENT_PROJECT_VERSION = 1;
				DEVELOPMENT_ASSET_PATHS = "\"Macro/Preview Content\"";
				DEVELOPMENT_TEAM = FT758GL74V;
				ENABLE_PREVIEWS = YES;
				GENERATE_INFOPLIST_FILE = YES;
				INFOPLIST_KEY_UIApplicationSceneManifest_Generation = YES;
				INFOPLIST_KEY_UIApplicationSupportsIndirectInputEvents = YES;
				INFOPLIST_KEY_UILaunchScreen_Generation = YES;
				INFOPLIST_KEY_UISupportedInterfaceOrientations_iPad = "UIInterfaceOrientationPortrait UIInterfaceOrientationPortraitUpsideDown UIInterfaceOrientationLandscapeLeft UIInterfaceOrientationLandscapeRight";
				INFOPLIST_KEY_UISupportedInterfaceOrientations_iPhone = "UIInterfaceOrientationPortrait UIInterfaceOrientationLandscapeLeft UIInterfaceOrientationLandscapeRight";
				LD_RUNPATH_SEARCH_PATHS = (
					"$(inherited)",
					"@executable_path/Frameworks",
				);
				MARKETING_VERSION = 1.0;
				PRODUCT_BUNDLE_IDENTIFIER = sa.adatwq.ArwaFuraih.Macro;
				PRODUCT_NAME = "$(TARGET_NAME)";
				SWIFT_EMIT_LOC_STRINGS = YES;
				SWIFT_VERSION = 5.0;
				TARGETED_DEVICE_FAMILY = "1,2";
			};
			name = Debug;
		};
		7AA91EA728466B60006B6BF9 /* Release */ = {
			isa = XCBuildConfiguration;
			buildSettings = {
				ASSETCATALOG_COMPILER_APPICON_NAME = AppIcon;
				ASSETCATALOG_COMPILER_GLOBAL_ACCENT_COLOR_NAME = AccentColor;
				CODE_SIGN_STYLE = Automatic;
				CURRENT_PROJECT_VERSION = 1;
				DEVELOPMENT_ASSET_PATHS = "\"Macro/Preview Content\"";
				DEVELOPMENT_TEAM = FT758GL74V;
				ENABLE_PREVIEWS = YES;
				GENERATE_INFOPLIST_FILE = YES;
				INFOPLIST_KEY_UIApplicationSceneManifest_Generation = YES;
				INFOPLIST_KEY_UIApplicationSupportsIndirectInputEvents = YES;
				INFOPLIST_KEY_UILaunchScreen_Generation = YES;
				INFOPLIST_KEY_UISupportedInterfaceOrientations_iPad = "UIInterfaceOrientationPortrait UIInterfaceOrientationPortraitUpsideDown UIInterfaceOrientationLandscapeLeft UIInterfaceOrientationLandscapeRight";
				INFOPLIST_KEY_UISupportedInterfaceOrientations_iPhone = "UIInterfaceOrientationPortrait UIInterfaceOrientationLandscapeLeft UIInterfaceOrientationLandscapeRight";
				LD_RUNPATH_SEARCH_PATHS = (
					"$(inherited)",
					"@executable_path/Frameworks",
				);
				MARKETING_VERSION = 1.0;
				PRODUCT_BUNDLE_IDENTIFIER = sa.adatwq.ArwaFuraih.Macro;
				PRODUCT_NAME = "$(TARGET_NAME)";
				SWIFT_EMIT_LOC_STRINGS = YES;
				SWIFT_VERSION = 5.0;
				TARGETED_DEVICE_FAMILY = "1,2";
			};
			name = Release;
		};
/* End XCBuildConfiguration section */

/* Begin XCConfigurationList section */
		7AA91E9228466B5F006B6BF9 /* Build configuration list for PBXProject "Macro" */ = {
			isa = XCConfigurationList;
			buildConfigurations = (
				7AA91EA328466B60006B6BF9 /* Debug */,
				7AA91EA428466B60006B6BF9 /* Release */,
			);
			defaultConfigurationIsVisible = 0;
			defaultConfigurationName = Release;
		};
		7AA91EA528466B60006B6BF9 /* Build configuration list for PBXNativeTarget "Macro" */ = {
			isa = XCConfigurationList;
			buildConfigurations = (
				7AA91EA628466B60006B6BF9 /* Debug */,
				7AA91EA728466B60006B6BF9 /* Release */,
			);
			defaultConfigurationIsVisible = 0;
			defaultConfigurationName = Release;
		};
/* End XCConfigurationList section */

/* Begin XCRemoteSwiftPackageReference section */
		E007999028466E7E005F7252 /* XCRemoteSwiftPackageReference "swift-algorithms" */ = {
			isa = XCRemoteSwiftPackageReference;
			repositoryURL = "https://github.com/apple/swift-algorithms.git";
			requirement = {
				kind = upToNextMajorVersion;
				minimumVersion = 1.0.0;
			};
		};
		E0E461DC2846DFEC0044E19D /* XCRemoteSwiftPackageReference "firebase-ios-sdk" */ = {
			isa = XCRemoteSwiftPackageReference;
			repositoryURL = "https://github.com/firebase/firebase-ios-sdk";
			requirement = {
				kind = upToNextMajorVersion;
				minimumVersion = 8.0.0;
			};
		};
/* End XCRemoteSwiftPackageReference section */

/* Begin XCSwiftPackageProductDependency section */
		E007999128466E7E005F7252 /* Algorithms */ = {
			isa = XCSwiftPackageProductDependency;
			package = E007999028466E7E005F7252 /* XCRemoteSwiftPackageReference "swift-algorithms" */;
			productName = Algorithms;
		};
		E0E461DD2846DFEC0044E19D /* FirebaseAnalytics */ = {
			isa = XCSwiftPackageProductDependency;
			package = E0E461DC2846DFEC0044E19D /* XCRemoteSwiftPackageReference "firebase-ios-sdk" */;
			productName = FirebaseAnalytics;
		};
		E0E461DF2846DFEC0044E19D /* FirebaseAuth */ = {
			isa = XCSwiftPackageProductDependency;
			package = E0E461DC2846DFEC0044E19D /* XCRemoteSwiftPackageReference "firebase-ios-sdk" */;
			productName = FirebaseAuth;
		};
		E0E461E12846DFEC0044E19D /* FirebaseDatabase */ = {
			isa = XCSwiftPackageProductDependency;
			package = E0E461DC2846DFEC0044E19D /* XCRemoteSwiftPackageReference "firebase-ios-sdk" */;
			productName = FirebaseDatabase;
		};
		E0E461E32846DFEC0044E19D /* FirebaseStorage */ = {
			isa = XCSwiftPackageProductDependency;
			package = E0E461DC2846DFEC0044E19D /* XCRemoteSwiftPackageReference "firebase-ios-sdk" */;
			productName = FirebaseStorage;
		};
/* End XCSwiftPackageProductDependency section */
	};
	rootObject = 7AA91E8F28466B5F006B6BF9 /* Project object */;
}
