// !$*UTF8*$!
{
	archiveVersion = 1;
	classes = {
	};
	objectVersion = 55;
	objects = {

/* Begin PBXBuildFile section */
		7AA91E9B28466B5F006B6BF9 /* MacroApp.swift in Sources */ = {isa = PBXBuildFile; fileRef = 7AA91E9A28466B5F006B6BF9 /* MacroApp.swift */; };
		7AA91EA228466B60006B6BF9 /* Preview Assets.xcassets in Resources */ = {isa = PBXBuildFile; fileRef = 7AA91EA128466B60006B6BF9 /* Preview Assets.xcassets */; };
		E007999228466E7E005F7252 /* Algorithms in Frameworks */ = {isa = PBXBuildFile; productRef = E007999128466E7E005F7252 /* Algorithms */; };
		E02D6F3A2856267A000A6638 /* User.swift in Sources */ = {isa = PBXBuildFile; fileRef = E02D6F392856267A000A6638 /* User.swift */; };
		E02D6F3C285626EE000A6638 /* Order.swift in Sources */ = {isa = PBXBuildFile; fileRef = E02D6F3B285626EE000A6638 /* Order.swift */; };
		E02D6F40285628D6000A6638 /* NoFlyZone.swift in Sources */ = {isa = PBXBuildFile; fileRef = E02D6F3F285628D6000A6638 /* NoFlyZone.swift */; };
		E02D6F422856292F000A6638 /* Permit.swift in Sources */ = {isa = PBXBuildFile; fileRef = E02D6F412856292F000A6638 /* Permit.swift */; };
		E02D6F6428596117000A6638 /* Assets.xcassets in Resources */ = {isa = PBXBuildFile; fileRef = E02D6F6328596116000A6638 /* Assets.xcassets */; };
		E02D6F68285A05B0000A6638 /* MyTab.swift in Sources */ = {isa = PBXBuildFile; fileRef = E02D6F67285A05B0000A6638 /* MyTab.swift */; };
		E0AE50B1285B6FE700312D29 /* OffersProvider.swift in Sources */ = {isa = PBXBuildFile; fileRef = E0AE50B0285B6FE700312D29 /* OffersProvider.swift */; };
		E0AE50B3285BCDAF00312D29 /* offersCustomer.swift in Sources */ = {isa = PBXBuildFile; fileRef = E0AE50B2285BCDAF00312D29 /* offersCustomer.swift */; };
		E0AE50B8285CF59C00312D29 /* test.swift in Sources */ = {isa = PBXBuildFile; fileRef = E0AE50B7285CF59C00312D29 /* test.swift */; };
		E0AE50BC285E550900312D29 /* Settings.swift in Sources */ = {isa = PBXBuildFile; fileRef = E0AE50BB285E550900312D29 /* Settings.swift */; };
		E0AE50BE285E589400312D29 /* faq.swift in Sources */ = {isa = PBXBuildFile; fileRef = E0AE50BD285E589400312D29 /* faq.swift */; };
		E0AE50C1285E5AFE00312D29 /* share.swift in Sources */ = {isa = PBXBuildFile; fileRef = E0AE50C0285E5AFD00312D29 /* share.swift */; };
		E0AE50C3285E5B2E00312D29 /* Privacy Policy .swift in Sources */ = {isa = PBXBuildFile; fileRef = E0AE50C2285E5B2E00312D29 /* Privacy Policy .swift */; };
		E0AE50C5285E5C6800312D29 /* AboutUs .swift in Sources */ = {isa = PBXBuildFile; fileRef = E0AE50C4285E5C6800312D29 /* AboutUs .swift */; };
		E0AE50C7285E68D500312D29 /* information.swift in Sources */ = {isa = PBXBuildFile; fileRef = E0AE50C6285E68D500312D29 /* information.swift */; };
		E0AE50C9285E69FB00312D29 /* DocumentPicker.swift in Sources */ = {isa = PBXBuildFile; fileRef = E0AE50C8285E69FB00312D29 /* DocumentPicker.swift */; };
		E0AE50CB285E6A0B00312D29 /* PDFCompont.swift in Sources */ = {isa = PBXBuildFile; fileRef = E0AE50CA285E6A0B00312D29 /* PDFCompont.swift */; };
		E0AE50CE285E6E1900312D29 /* Agree .swift in Sources */ = {isa = PBXBuildFile; fileRef = E0AE50CD285E6E1900312D29 /* Agree .swift */; };
		E0AE50D2285E7E7200312D29 /* DetailsOrder.swift in Sources */ = {isa = PBXBuildFile; fileRef = E0AE50D1285E7E7200312D29 /* DetailsOrder.swift */; };
		E0AE50D4285E826D00312D29 /* successpremit.swift in Sources */ = {isa = PBXBuildFile; fileRef = E0AE50D3285E826D00312D29 /* successpremit.swift */; };
		E0AE50D8285E837300312D29 /* RiveRuntime in Frameworks */ = {isa = PBXBuildFile; productRef = E0AE50D7285E837300312D29 /* RiveRuntime */; };
		E0AE50DA285E845D00312D29 /* View permit.swift in Sources */ = {isa = PBXBuildFile; fileRef = E0AE50D9285E845D00312D29 /* View permit.swift */; };
		E0AE50DE285E8BA700312D29 /* file.riv in Resources */ = {isa = PBXBuildFile; fileRef = E0AE50DD285E8BA700312D29 /* file.riv */; };
		E0AE50E0285E8EC300312D29 /* file2.riv in Resources */ = {isa = PBXBuildFile; fileRef = E0AE50DF285E8EC300312D29 /* file2.riv */; };
		E0B4564E285B12CC00ED1B37 /* AuthManger.swift in Sources */ = {isa = PBXBuildFile; fileRef = E0B4564D285B12CC00ED1B37 /* AuthManger.swift */; };
		E0B45650285B242600ED1B37 /* Countries.swift in Sources */ = {isa = PBXBuildFile; fileRef = E0B4564F285B242600ED1B37 /* Countries.swift */; };
		E0B45652285B5B9600ED1B37 /* SwiftUI_OTPApp.swift in Sources */ = {isa = PBXBuildFile; fileRef = E0B45651285B5B9600ED1B37 /* SwiftUI_OTPApp.swift */; };
		E0B45654285B5CDA00ED1B37 /* PersistenceController.swift in Sources */ = {isa = PBXBuildFile; fileRef = E0B45653285B5CDA00ED1B37 /* PersistenceController.swift */; };
		E0B45657285B663F00ED1B37 /* SwiftUI_OTP.xcdatamodeld in Sources */ = {isa = PBXBuildFile; fileRef = E0B45655285B663F00ED1B37 /* SwiftUI_OTP.xcdatamodeld */; };
		E0BAC1B9285E9C4F001D1E85 /* CreateOwnerAccount .swift in Sources */ = {isa = PBXBuildFile; fileRef = E0BAC1B8285E9C4F001D1E85 /* CreateOwnerAccount .swift */; };
		E0BAC1BB285EA4BE001D1E85 /* Account .swift in Sources */ = {isa = PBXBuildFile; fileRef = E0BAC1BA285EA4BE001D1E85 /* Account .swift */; };
		E0BAC1BD285F0314001D1E85 /* custumerOrdr.swift in Sources */ = {isa = PBXBuildFile; fileRef = E0BAC1BC285F0314001D1E85 /* custumerOrdr.swift */; };
		E0BAC1C0285F0B9F001D1E85 /* FirebaseAuth in Frameworks */ = {isa = PBXBuildFile; productRef = E0BAC1BF285F0B9F001D1E85 /* FirebaseAuth */; };
		E0BAC1C2285F0B9F001D1E85 /* FirebaseDatabase in Frameworks */ = {isa = PBXBuildFile; productRef = E0BAC1C1285F0B9F001D1E85 /* FirebaseDatabase */; };
		E0BAC1C4285F0B9F001D1E85 /* FirebaseFirestore in Frameworks */ = {isa = PBXBuildFile; productRef = E0BAC1C3285F0B9F001D1E85 /* FirebaseFirestore */; };
		E0BAC1C6285F0B9F001D1E85 /* FirebaseStorage in Frameworks */ = {isa = PBXBuildFile; productRef = E0BAC1C5285F0B9F001D1E85 /* FirebaseStorage */; };
		E0E461DE2846DFEC0044E19D /* FirebaseAnalytics in Frameworks */ = {isa = PBXBuildFile; productRef = E0E461DD2846DFEC0044E19D /* FirebaseAnalytics */; };
		E0E461E02846DFEC0044E19D /* FirebaseAuth in Frameworks */ = {isa = PBXBuildFile; productRef = E0E461DF2846DFEC0044E19D /* FirebaseAuth */; };
		E0E461E22846DFEC0044E19D /* FirebaseDatabase in Frameworks */ = {isa = PBXBuildFile; productRef = E0E461E12846DFEC0044E19D /* FirebaseDatabase */; };
		E0E461E42846DFEC0044E19D /* FirebaseStorage in Frameworks */ = {isa = PBXBuildFile; productRef = E0E461E32846DFEC0044E19D /* FirebaseStorage */; };
		E0E462142848471B0044E19D /* GoogleService-Info.plist in Resources */ = {isa = PBXBuildFile; fileRef = E0E462132848471B0044E19D /* GoogleService-Info.plist */; };
		E0E46216284847AC0044E19D /* LoginViewModel.swift in Sources */ = {isa = PBXBuildFile; fileRef = E0E46215284847AC0044E19D /* LoginViewModel.swift */; };
		E0E46218284847B40044E19D /* VerificationViewModel.swift in Sources */ = {isa = PBXBuildFile; fileRef = E0E46217284847B40044E19D /* VerificationViewModel.swift */; };
		E0E4621B284917F20044E19D /* Color.swift in Sources */ = {isa = PBXBuildFile; fileRef = E0E4621A284917F20044E19D /* Color.swift */; };
		E0E4621D28491A870044E19D /* HomeView.swift in Sources */ = {isa = PBXBuildFile; fileRef = E0E4621C28491A870044E19D /* HomeView.swift */; };
/* End PBXBuildFile section */

/* Begin PBXFileReference section */
		7AA91E9728466B5F006B6BF9 /* Macro.app */ = {isa = PBXFileReference; explicitFileType = wrapper.application; includeInIndex = 0; path = Macro.app; sourceTree = BUILT_PRODUCTS_DIR; };
		7AA91E9A28466B5F006B6BF9 /* MacroApp.swift */ = {isa = PBXFileReference; lastKnownFileType = sourcecode.swift; path = MacroApp.swift; sourceTree = "<group>"; };
		7AA91EA128466B60006B6BF9 /* Preview Assets.xcassets */ = {isa = PBXFileReference; lastKnownFileType = folder.assetcatalog; path = "Preview Assets.xcassets"; sourceTree = "<group>"; };
		E02D6F392856267A000A6638 /* User.swift */ = {isa = PBXFileReference; lastKnownFileType = sourcecode.swift; path = User.swift; sourceTree = "<group>"; };
		E02D6F3B285626EE000A6638 /* Order.swift */ = {isa = PBXFileReference; lastKnownFileType = sourcecode.swift; path = Order.swift; sourceTree = "<group>"; };
		E02D6F3F285628D6000A6638 /* NoFlyZone.swift */ = {isa = PBXFileReference; lastKnownFileType = sourcecode.swift; path = NoFlyZone.swift; sourceTree = "<group>"; };
		E02D6F412856292F000A6638 /* Permit.swift */ = {isa = PBXFileReference; lastKnownFileType = sourcecode.swift; path = Permit.swift; sourceTree = "<group>"; };
		E02D6F6328596116000A6638 /* Assets.xcassets */ = {isa = PBXFileReference; lastKnownFileType = folder.assetcatalog; name = Assets.xcassets; path = Views/Assets.xcassets; sourceTree = "<group>"; };
		E02D6F67285A05B0000A6638 /* MyTab.swift */ = {isa = PBXFileReference; lastKnownFileType = sourcecode.swift; path = MyTab.swift; sourceTree = "<group>"; };
		E0AE50B0285B6FE700312D29 /* OffersProvider.swift */ = {isa = PBXFileReference; fileEncoding = 4; lastKnownFileType = sourcecode.swift; path = OffersProvider.swift; sourceTree = "<group>"; };
		E0AE50B2285BCDAF00312D29 /* offersCustomer.swift */ = {isa = PBXFileReference; lastKnownFileType = sourcecode.swift; path = offersCustomer.swift; sourceTree = "<group>"; };
		E0AE50B7285CF59C00312D29 /* test.swift */ = {isa = PBXFileReference; lastKnownFileType = sourcecode.swift; path = test.swift; sourceTree = "<group>"; };
		E0AE50BB285E550900312D29 /* Settings.swift */ = {isa = PBXFileReference; fileEncoding = 4; lastKnownFileType = sourcecode.swift; path = Settings.swift; sourceTree = "<group>"; };
		E0AE50BD285E589400312D29 /* faq.swift */ = {isa = PBXFileReference; fileEncoding = 4; lastKnownFileType = sourcecode.swift; path = faq.swift; sourceTree = "<group>"; };
		E0AE50C0285E5AFD00312D29 /* share.swift */ = {isa = PBXFileReference; fileEncoding = 4; lastKnownFileType = sourcecode.swift; path = share.swift; sourceTree = "<group>"; };
		E0AE50C2285E5B2E00312D29 /* Privacy Policy .swift */ = {isa = PBXFileReference; fileEncoding = 4; lastKnownFileType = sourcecode.swift; path = "Privacy Policy .swift"; sourceTree = "<group>"; };
		E0AE50C4285E5C6800312D29 /* AboutUs .swift */ = {isa = PBXFileReference; fileEncoding = 4; lastKnownFileType = sourcecode.swift; path = "AboutUs .swift"; sourceTree = "<group>"; };
		E0AE50C6285E68D500312D29 /* information.swift */ = {isa = PBXFileReference; fileEncoding = 4; lastKnownFileType = sourcecode.swift; path = information.swift; sourceTree = "<group>"; };
		E0AE50C8285E69FB00312D29 /* DocumentPicker.swift */ = {isa = PBXFileReference; fileEncoding = 4; lastKnownFileType = sourcecode.swift; path = DocumentPicker.swift; sourceTree = "<group>"; };
		E0AE50CA285E6A0B00312D29 /* PDFCompont.swift */ = {isa = PBXFileReference; fileEncoding = 4; lastKnownFileType = sourcecode.swift; path = PDFCompont.swift; sourceTree = "<group>"; };
		E0AE50CD285E6E1900312D29 /* Agree .swift */ = {isa = PBXFileReference; fileEncoding = 4; lastKnownFileType = sourcecode.swift; path = "Agree .swift"; sourceTree = "<group>"; };
		E0AE50D1285E7E7200312D29 /* DetailsOrder.swift */ = {isa = PBXFileReference; fileEncoding = 4; lastKnownFileType = sourcecode.swift; path = DetailsOrder.swift; sourceTree = "<group>"; };
		E0AE50D3285E826D00312D29 /* successpremit.swift */ = {isa = PBXFileReference; fileEncoding = 4; lastKnownFileType = sourcecode.swift; path = successpremit.swift; sourceTree = "<group>"; };
		E0AE50D9285E845D00312D29 /* View permit.swift */ = {isa = PBXFileReference; fileEncoding = 4; lastKnownFileType = sourcecode.swift; path = "View permit.swift"; sourceTree = "<group>"; };
		E0AE50DD285E8BA700312D29 /* file.riv */ = {isa = PBXFileReference; lastKnownFileType = file; path = file.riv; sourceTree = "<group>"; };
		E0AE50DF285E8EC300312D29 /* file2.riv */ = {isa = PBXFileReference; lastKnownFileType = file; path = file2.riv; sourceTree = "<group>"; };
		E0B4564D285B12CC00ED1B37 /* AuthManger.swift */ = {isa = PBXFileReference; lastKnownFileType = sourcecode.swift; path = AuthManger.swift; sourceTree = "<group>"; };
		E0B4564F285B242600ED1B37 /* Countries.swift */ = {isa = PBXFileReference; lastKnownFileType = sourcecode.swift; path = Countries.swift; sourceTree = "<group>"; };
		E0B45651285B5B9600ED1B37 /* SwiftUI_OTPApp.swift */ = {isa = PBXFileReference; lastKnownFileType = sourcecode.swift; path = SwiftUI_OTPApp.swift; sourceTree = "<group>"; };
		E0B45653285B5CDA00ED1B37 /* PersistenceController.swift */ = {isa = PBXFileReference; lastKnownFileType = sourcecode.swift; path = PersistenceController.swift; sourceTree = "<group>"; };
		E0B45656285B663F00ED1B37 /* SwiftUI_OTP.xcdatamodel */ = {isa = PBXFileReference; lastKnownFileType = wrapper.xcdatamodel; path = SwiftUI_OTP.xcdatamodel; sourceTree = "<group>"; };
		E0BAC1B8285E9C4F001D1E85 /* CreateOwnerAccount .swift */ = {isa = PBXFileReference; fileEncoding = 4; lastKnownFileType = sourcecode.swift; path = "CreateOwnerAccount .swift"; sourceTree = "<group>"; };
		E0BAC1BA285EA4BE001D1E85 /* Account .swift */ = {isa = PBXFileReference; fileEncoding = 4; lastKnownFileType = sourcecode.swift; path = "Account .swift"; sourceTree = "<group>"; };
		E0BAC1BC285F0314001D1E85 /* custumerOrdr.swift */ = {isa = PBXFileReference; lastKnownFileType = sourcecode.swift; path = custumerOrdr.swift; sourceTree = "<group>"; };
		E0E461DA2846D4010044E19D /* GoogleService-Info.plist */ = {isa = PBXFileReference; fileEncoding = 4; lastKnownFileType = text.plist.xml; path = "GoogleService-Info.plist"; sourceTree = "<group>"; };
		E0E462132848471B0044E19D /* GoogleService-Info.plist */ = {isa = PBXFileReference; fileEncoding = 4; lastKnownFileType = text.plist.xml; path = "GoogleService-Info.plist"; sourceTree = "<group>"; };
		E0E46215284847AC0044E19D /* LoginViewModel.swift */ = {isa = PBXFileReference; fileEncoding = 4; lastKnownFileType = sourcecode.swift; path = LoginViewModel.swift; sourceTree = "<group>"; };
		E0E46217284847B40044E19D /* VerificationViewModel.swift */ = {isa = PBXFileReference; fileEncoding = 4; lastKnownFileType = sourcecode.swift; path = VerificationViewModel.swift; sourceTree = "<group>"; };
		E0E4621A284917F20044E19D /* Color.swift */ = {isa = PBXFileReference; fileEncoding = 4; lastKnownFileType = sourcecode.swift; path = Color.swift; sourceTree = "<group>"; };
		E0E4621C28491A870044E19D /* HomeView.swift */ = {isa = PBXFileReference; lastKnownFileType = sourcecode.swift; path = HomeView.swift; sourceTree = "<group>"; };
/* End PBXFileReference section */

/* Begin PBXFrameworksBuildPhase section */
		7AA91E9428466B5F006B6BF9 /* Frameworks */ = {
			isa = PBXFrameworksBuildPhase;
			buildActionMask = 2147483647;
			files = (
				E0E461DE2846DFEC0044E19D /* FirebaseAnalytics in Frameworks */,
				E0E461E02846DFEC0044E19D /* FirebaseAuth in Frameworks */,
				E0E461E22846DFEC0044E19D /* FirebaseDatabase in Frameworks */,
				E0BAC1C6285F0B9F001D1E85 /* FirebaseStorage in Frameworks */,
				E0E461E42846DFEC0044E19D /* FirebaseStorage in Frameworks */,
				E007999228466E7E005F7252 /* Algorithms in Frameworks */,
				E0BAC1C4285F0B9F001D1E85 /* FirebaseFirestore in Frameworks */,
				E0BAC1C0285F0B9F001D1E85 /* FirebaseAuth in Frameworks */,
				E0BAC1C2285F0B9F001D1E85 /* FirebaseDatabase in Frameworks */,
				E0AE50D8285E837300312D29 /* RiveRuntime in Frameworks */,
			);
			runOnlyForDeploymentPostprocessing = 0;
		};
/* End PBXFrameworksBuildPhase section */

/* Begin PBXGroup section */
		7AA91E8E28466B5F006B6BF9 = {
			isa = PBXGroup;
			children = (
				E0E462132848471B0044E19D /* GoogleService-Info.plist */,
				7AA91E9928466B5F006B6BF9 /* Macro */,
				7AA91E9828466B5F006B6BF9 /* Products */,
			);
			sourceTree = "<group>";
		};
		7AA91E9828466B5F006B6BF9 /* Products */ = {
			isa = PBXGroup;
			children = (
				7AA91E9728466B5F006B6BF9 /* Macro.app */,
			);
			name = Products;
			sourceTree = "<group>";
		};
		7AA91E9928466B5F006B6BF9 /* Macro */ = {
			isa = PBXGroup;
			children = (
				E0AE50DF285E8EC300312D29 /* file2.riv */,
				E0AE50DD285E8BA700312D29 /* file.riv */,
				7AA91E9A28466B5F006B6BF9 /* MacroApp.swift */,
				E0AE50D3285E826D00312D29 /* successpremit.swift */,
				E0B4564C285B12A700ED1B37 /* Auth */,
				E0E461EA2847788E0044E19D /* Models */,
				E0E461EF28477AEB0044E19D /* ViewModel */,
				E0E461E728476DDA0044E19D /* Views */,
				E02D6F6328596116000A6638 /* Assets.xcassets */,
				E0E46219284917F20044E19D /* Extention */,
				E0E461DA2846D4010044E19D /* GoogleService-Info.plist */,
				E0B45655285B663F00ED1B37 /* SwiftUI_OTP.xcdatamodeld */,
				E0AE50C8285E69FB00312D29 /* DocumentPicker.swift */,
				E0AE50CA285E6A0B00312D29 /* PDFCompont.swift */,
				7AA91EA028466B60006B6BF9 /* Preview Content */,
			);
			path = Macro;
			sourceTree = "<group>";
		};
		7AA91EA028466B60006B6BF9 /* Preview Content */ = {
			isa = PBXGroup;
			children = (
				7AA91EA128466B60006B6BF9 /* Preview Assets.xcassets */,
			);
			path = "Preview Content";
			sourceTree = "<group>";
		};
		E0AE50B6285C909300312D29 /* customer */ = {
			isa = PBXGroup;
			children = (
			);
			path = customer;
			sourceTree = "<group>";
		};
		E0AE50BF285E58A400312D29 /* setting */ = {
			isa = PBXGroup;
			children = (
				E0AE50BB285E550900312D29 /* Settings.swift */,
				E0AE50C2285E5B2E00312D29 /* Privacy Policy .swift */,
				E0AE50C0285E5AFD00312D29 /* share.swift */,
				E0AE50BD285E589400312D29 /* faq.swift */,
				E0AE50C4285E5C6800312D29 /* AboutUs .swift */,
			);
			path = setting;
			sourceTree = "<group>";
		};
		E0AE50CC285E6DE600312D29 /* permit */ = {
			isa = PBXGroup;
			children = (
				E0AE50D9285E845D00312D29 /* View permit.swift */,
				E0AE50D1285E7E7200312D29 /* DetailsOrder.swift */,
				E0AE50CD285E6E1900312D29 /* Agree .swift */,
				E0AE50C6285E68D500312D29 /* information.swift */,
			);
			path = permit;
			sourceTree = "<group>";
		};
		E0B4564C285B12A700ED1B37 /* Auth */ = {
			isa = PBXGroup;
			children = (
				E0B4564D285B12CC00ED1B37 /* AuthManger.swift */,
			);
			path = Auth;
			sourceTree = "<group>";
		};
		E0E461E728476DDA0044E19D /* Views */ = {
			isa = PBXGroup;
			children = (
				E02D6F67285A05B0000A6638 /* MyTab.swift */,
				E0BAC1B8285E9C4F001D1E85 /* CreateOwnerAccount .swift */,
				E0BAC1BA285EA4BE001D1E85 /* Account .swift */,
				E0AE50BF285E58A400312D29 /* setting */,
				E0E4621C28491A870044E19D /* HomeView.swift */,
				E0AE50CC285E6DE600312D29 /* permit */,
				E0AE50B7285CF59C00312D29 /* test.swift */,
				E0AE50B6285C909300312D29 /* customer */,
				E0AE50B2285BCDAF00312D29 /* offersCustomer.swift */,
				E0AE50B0285B6FE700312D29 /* OffersProvider.swift */,
			);
			path = Views;
			sourceTree = "<group>";
		};
		E0E461EA2847788E0044E19D /* Models */ = {
			isa = PBXGroup;
			children = (
				E02D6F412856292F000A6638 /* Permit.swift */,
				E02D6F3F285628D6000A6638 /* NoFlyZone.swift */,
				E02D6F392856267A000A6638 /* User.swift */,
				E02D6F3B285626EE000A6638 /* Order.swift */,
				E0B4564F285B242600ED1B37 /* Countries.swift */,
			);
			path = Models;
			sourceTree = "<group>";
		};
		E0E461EF28477AEB0044E19D /* ViewModel */ = {
			isa = PBXGroup;
			children = (
				E0E46217284847B40044E19D /* VerificationViewModel.swift */,
				E0B45651285B5B9600ED1B37 /* SwiftUI_OTPApp.swift */,
				E0B45653285B5CDA00ED1B37 /* PersistenceController.swift */,
				E0E46215284847AC0044E19D /* LoginViewModel.swift */,
				E0BAC1BC285F0314001D1E85 /* custumerOrdr.swift */,
			);
			path = ViewModel;
			sourceTree = "<group>";
		};
		E0E46219284917F20044E19D /* Extention */ = {
			isa = PBXGroup;
			children = (
				E0E4621A284917F20044E19D /* Color.swift */,
			);
			path = Extention;
			sourceTree = "<group>";
		};
/* End PBXGroup section */

/* Begin PBXNativeTarget section */
		7AA91E9628466B5F006B6BF9 /* Macro */ = {
			isa = PBXNativeTarget;
			buildConfigurationList = 7AA91EA528466B60006B6BF9 /* Build configuration list for PBXNativeTarget "Macro" */;
			buildPhases = (
				7AA91E9328466B5F006B6BF9 /* Sources */,
				7AA91E9428466B5F006B6BF9 /* Frameworks */,
				7AA91E9528466B5F006B6BF9 /* Resources */,
			);
			buildRules = (
			);
			dependencies = (
			);
			name = Macro;
			packageProductDependencies = (
				E007999128466E7E005F7252 /* Algorithms */,
				E0E461DD2846DFEC0044E19D /* FirebaseAnalytics */,
				E0E461DF2846DFEC0044E19D /* FirebaseAuth */,
				E0E461E12846DFEC0044E19D /* FirebaseDatabase */,
				E0E461E32846DFEC0044E19D /* FirebaseStorage */,
				E0AE50D7285E837300312D29 /* RiveRuntime */,
				E0BAC1BF285F0B9F001D1E85 /* FirebaseAuth */,
				E0BAC1C1285F0B9F001D1E85 /* FirebaseDatabase */,
				E0BAC1C3285F0B9F001D1E85 /* FirebaseFirestore */,
				E0BAC1C5285F0B9F001D1E85 /* FirebaseStorage */,
			);
			productName = Macro;
			productReference = 7AA91E9728466B5F006B6BF9 /* Macro.app */;
			productType = "com.apple.product-type.application";
		};
/* End PBXNativeTarget section */

/* Begin PBXProject section */
		7AA91E8F28466B5F006B6BF9 /* Project object */ = {
			isa = PBXProject;
			attributes = {
				BuildIndependentTargetsInParallel = 1;
				LastSwiftUpdateCheck = 1310;
				LastUpgradeCheck = 1310;
				TargetAttributes = {
					7AA91E9628466B5F006B6BF9 = {
						CreatedOnToolsVersion = 13.1;
					};
				};
			};
			buildConfigurationList = 7AA91E9228466B5F006B6BF9 /* Build configuration list for PBXProject "Macro" */;
			compatibilityVersion = "Xcode 13.0";
			developmentRegion = en;
			hasScannedForEncodings = 0;
			knownRegions = (
				en,
				Base,
			);
			mainGroup = 7AA91E8E28466B5F006B6BF9;
			packageReferences = (
				E007999028466E7E005F7252 /* XCRemoteSwiftPackageReference "swift-algorithms" */,
				E0E461DC2846DFEC0044E19D /* XCRemoteSwiftPackageReference "firebase-ios-sdk" */,
				E0AE50D6285E837300312D29 /* XCRemoteSwiftPackageReference "rive-ios" */,
				E0BAC1BE285F0B9F001D1E85 /* XCRemoteSwiftPackageReference "firebase-ios-sdk" */,
			);
			productRefGroup = 7AA91E9828466B5F006B6BF9 /* Products */;
			projectDirPath = "";
			projectRoot = "";
			targets = (
				7AA91E9628466B5F006B6BF9 /* Macro */,
			);
		};
/* End PBXProject section */

/* Begin PBXResourcesBuildPhase section */
		7AA91E9528466B5F006B6BF9 /* Resources */ = {
			isa = PBXResourcesBuildPhase;
			buildActionMask = 2147483647;
			files = (
				E0AE50E0285E8EC300312D29 /* file2.riv in Resources */,
				7AA91EA228466B60006B6BF9 /* Preview Assets.xcassets in Resources */,
				E0E462142848471B0044E19D /* GoogleService-Info.plist in Resources */,
				E02D6F6428596117000A6638 /* Assets.xcassets in Resources */,
				E0AE50DE285E8BA700312D29 /* file.riv in Resources */,
			);
			runOnlyForDeploymentPostprocessing = 0;
		};
/* End PBXResourcesBuildPhase section */

/* Begin PBXSourcesBuildPhase section */
		7AA91E9328466B5F006B6BF9 /* Sources */ = {
			isa = PBXSourcesBuildPhase;
			buildActionMask = 2147483647;
			files = (
				E0AE50BE285E589400312D29 /* faq.swift in Sources */,
				E0AE50C3285E5B2E00312D29 /* Privacy Policy .swift in Sources */,
				E0E4621D28491A870044E19D /* HomeView.swift in Sources */,
				E0AE50C9285E69FB00312D29 /* DocumentPicker.swift in Sources */,
				7AA91E9B28466B5F006B6BF9 /* MacroApp.swift in Sources */,
				E02D6F3C285626EE000A6638 /* Order.swift in Sources */,
				E0BAC1B9285E9C4F001D1E85 /* CreateOwnerAccount .swift in Sources */,
				E0AE50B1285B6FE700312D29 /* OffersProvider.swift in Sources */,
				E0AE50D4285E826D00312D29 /* successpremit.swift in Sources */,
				E0AE50B8285CF59C00312D29 /* test.swift in Sources */,
				E0AE50C5285E5C6800312D29 /* AboutUs .swift in Sources */,
				E0BAC1BB285EA4BE001D1E85 /* Account .swift in Sources */,
				E0B45657285B663F00ED1B37 /* SwiftUI_OTP.xcdatamodeld in Sources */,
				E0E46218284847B40044E19D /* VerificationViewModel.swift in Sources */,
				E0AE50C7285E68D500312D29 /* information.swift in Sources */,
				E0AE50B3285BCDAF00312D29 /* offersCustomer.swift in Sources */,
				E02D6F3A2856267A000A6638 /* User.swift in Sources */,
				E0AE50D2285E7E7200312D29 /* DetailsOrder.swift in Sources */,
				E0AE50DA285E845D00312D29 /* View permit.swift in Sources */,
				E0B4564E285B12CC00ED1B37 /* AuthManger.swift in Sources */,
				E0E4621B284917F20044E19D /* Color.swift in Sources */,
				E02D6F422856292F000A6638 /* Permit.swift in Sources */,
				E0E46216284847AC0044E19D /* LoginViewModel.swift in Sources */,
				E02D6F68285A05B0000A6638 /* MyTab.swift in Sources */,
				E0B45652285B5B9600ED1B37 /* SwiftUI_OTPApp.swift in Sources */,
				E0B45654285B5CDA00ED1B37 /* PersistenceController.swift in Sources */,
				E0AE50BC285E550900312D29 /* Settings.swift in Sources */,
				E0B45650285B242600ED1B37 /* Countries.swift in Sources */,
				E0AE50C1285E5AFE00312D29 /* share.swift in Sources */,
				E0BAC1BD285F0314001D1E85 /* custumerOrdr.swift in Sources */,
				E0AE50CE285E6E1900312D29 /* Agree .swift in Sources */,
				E02D6F40285628D6000A6638 /* NoFlyZone.swift in Sources */,
				E0AE50CB285E6A0B00312D29 /* PDFCompont.swift in Sources */,
			);
			runOnlyForDeploymentPostprocessing = 0;
		};
/* End PBXSourcesBuildPhase section */

/* Begin XCBuildConfiguration section */
		7AA91EA328466B60006B6BF9 /* Debug */ = {
			isa = XCBuildConfiguration;
			buildSettings = {
				ALWAYS_SEARCH_USER_PATHS = NO;
				CLANG_ANALYZER_NONNULL = YES;
				CLANG_ANALYZER_NUMBER_OBJECT_CONVERSION = YES_AGGRESSIVE;
				CLANG_CXX_LANGUAGE_STANDARD = "gnu++17";
				CLANG_CXX_LIBRARY = "libc++";
				CLANG_ENABLE_MODULES = YES;
				CLANG_ENABLE_OBJC_ARC = YES;
				CLANG_ENABLE_OBJC_WEAK = YES;
				CLANG_WARN_BLOCK_CAPTURE_AUTORELEASING = YES;
				CLANG_WARN_BOOL_CONVERSION = YES;
				CLANG_WARN_COMMA = YES;
				CLANG_WARN_CONSTANT_CONVERSION = YES;
				CLANG_WARN_DEPRECATED_OBJC_IMPLEMENTATIONS = YES;
				CLANG_WARN_DIRECT_OBJC_ISA_USAGE = YES_ERROR;
				CLANG_WARN_DOCUMENTATION_COMMENTS = YES;
				CLANG_WARN_EMPTY_BODY = YES;
				CLANG_WARN_ENUM_CONVERSION = YES;
				CLANG_WARN_INFINITE_RECURSION = YES;
				CLANG_WARN_INT_CONVERSION = YES;
				CLANG_WARN_NON_LITERAL_NULL_CONVERSION = YES;
				CLANG_WARN_OBJC_IMPLICIT_RETAIN_SELF = YES;
				CLANG_WARN_OBJC_LITERAL_CONVERSION = YES;
				CLANG_WARN_OBJC_ROOT_CLASS = YES_ERROR;
				CLANG_WARN_QUOTED_INCLUDE_IN_FRAMEWORK_HEADER = YES;
				CLANG_WARN_RANGE_LOOP_ANALYSIS = YES;
				CLANG_WARN_STRICT_PROTOTYPES = YES;
				CLANG_WARN_SUSPICIOUS_MOVE = YES;
				CLANG_WARN_UNGUARDED_AVAILABILITY = YES_AGGRESSIVE;
				CLANG_WARN_UNREACHABLE_CODE = YES;
				CLANG_WARN__DUPLICATE_METHOD_MATCH = YES;
				COPY_PHASE_STRIP = NO;
				DEBUG_INFORMATION_FORMAT = dwarf;
				ENABLE_STRICT_OBJC_MSGSEND = YES;
				ENABLE_TESTABILITY = YES;
				GCC_C_LANGUAGE_STANDARD = gnu11;
				GCC_DYNAMIC_NO_PIC = NO;
				GCC_NO_COMMON_BLOCKS = YES;
				GCC_OPTIMIZATION_LEVEL = 0;
				GCC_PREPROCESSOR_DEFINITIONS = (
					"DEBUG=1",
					"$(inherited)",
				);
				GCC_WARN_64_TO_32_BIT_CONVERSION = YES;
				GCC_WARN_ABOUT_RETURN_TYPE = YES_ERROR;
				GCC_WARN_UNDECLARED_SELECTOR = YES;
				GCC_WARN_UNINITIALIZED_AUTOS = YES_AGGRESSIVE;
				GCC_WARN_UNUSED_FUNCTION = YES;
				GCC_WARN_UNUSED_VARIABLE = YES;
				IPHONEOS_DEPLOYMENT_TARGET = 15.0;
				MTL_ENABLE_DEBUG_INFO = INCLUDE_SOURCE;
				MTL_FAST_MATH = YES;
				ONLY_ACTIVE_ARCH = YES;
				SDKROOT = iphoneos;
				SWIFT_ACTIVE_COMPILATION_CONDITIONS = DEBUG;
				SWIFT_OPTIMIZATION_LEVEL = "-Onone";
			};
			name = Debug;
		};
		7AA91EA428466B60006B6BF9 /* Release */ = {
			isa = XCBuildConfiguration;
			buildSettings = {
				ALWAYS_SEARCH_USER_PATHS = NO;
				CLANG_ANALYZER_NONNULL = YES;
				CLANG_ANALYZER_NUMBER_OBJECT_CONVERSION = YES_AGGRESSIVE;
				CLANG_CXX_LANGUAGE_STANDARD = "gnu++17";
				CLANG_CXX_LIBRARY = "libc++";
				CLANG_ENABLE_MODULES = YES;
				CLANG_ENABLE_OBJC_ARC = YES;
				CLANG_ENABLE_OBJC_WEAK = YES;
				CLANG_WARN_BLOCK_CAPTURE_AUTORELEASING = YES;
				CLANG_WARN_BOOL_CONVERSION = YES;
				CLANG_WARN_COMMA = YES;
				CLANG_WARN_CONSTANT_CONVERSION = YES;
				CLANG_WARN_DEPRECATED_OBJC_IMPLEMENTATIONS = YES;
				CLANG_WARN_DIRECT_OBJC_ISA_USAGE = YES_ERROR;
				CLANG_WARN_DOCUMENTATION_COMMENTS = YES;
				CLANG_WARN_EMPTY_BODY = YES;
				CLANG_WARN_ENUM_CONVERSION = YES;
				CLANG_WARN_INFINITE_RECURSION = YES;
				CLANG_WARN_INT_CONVERSION = YES;
				CLANG_WARN_NON_LITERAL_NULL_CONVERSION = YES;
				CLANG_WARN_OBJC_IMPLICIT_RETAIN_SELF = YES;
				CLANG_WARN_OBJC_LITERAL_CONVERSION = YES;
				CLANG_WARN_OBJC_ROOT_CLASS = YES_ERROR;
				CLANG_WARN_QUOTED_INCLUDE_IN_FRAMEWORK_HEADER = YES;
				CLANG_WARN_RANGE_LOOP_ANALYSIS = YES;
				CLANG_WARN_STRICT_PROTOTYPES = YES;
				CLANG_WARN_SUSPICIOUS_MOVE = YES;
				CLANG_WARN_UNGUARDED_AVAILABILITY = YES_AGGRESSIVE;
				CLANG_WARN_UNREACHABLE_CODE = YES;
				CLANG_WARN__DUPLICATE_METHOD_MATCH = YES;
				COPY_PHASE_STRIP = NO;
				DEBUG_INFORMATION_FORMAT = "dwarf-with-dsym";
				ENABLE_NS_ASSERTIONS = NO;
				ENABLE_STRICT_OBJC_MSGSEND = YES;
				GCC_C_LANGUAGE_STANDARD = gnu11;
				GCC_NO_COMMON_BLOCKS = YES;
				GCC_WARN_64_TO_32_BIT_CONVERSION = YES;
				GCC_WARN_ABOUT_RETURN_TYPE = YES_ERROR;
				GCC_WARN_UNDECLARED_SELECTOR = YES;
				GCC_WARN_UNINITIALIZED_AUTOS = YES_AGGRESSIVE;
				GCC_WARN_UNUSED_FUNCTION = YES;
				GCC_WARN_UNUSED_VARIABLE = YES;
				IPHONEOS_DEPLOYMENT_TARGET = 15.0;
				MTL_ENABLE_DEBUG_INFO = NO;
				MTL_FAST_MATH = YES;
				SDKROOT = iphoneos;
				SWIFT_COMPILATION_MODE = wholemodule;
				SWIFT_OPTIMIZATION_LEVEL = "-O";
				VALIDATE_PRODUCT = YES;
			};
			name = Release;
		};
		7AA91EA628466B60006B6BF9 /* Debug */ = {
			isa = XCBuildConfiguration;
			buildSettings = {
				ASSETCATALOG_COMPILER_APPICON_NAME = AppIcon;
				ASSETCATALOG_COMPILER_GLOBAL_ACCENT_COLOR_NAME = AccentColor;
				CODE_SIGN_STYLE = Automatic;
				CURRENT_PROJECT_VERSION = 1;
				DEVELOPMENT_ASSET_PATHS = "\"Macro/Preview Content\"";
				DEVELOPMENT_TEAM = CR765XPPGB;
				ENABLE_PREVIEWS = YES;
				GENERATE_INFOPLIST_FILE = YES;
				INFOPLIST_KEY_UIApplicationSceneManifest_Generation = YES;
				INFOPLIST_KEY_UIApplicationSupportsIndirectInputEvents = YES;
				INFOPLIST_KEY_UILaunchScreen_Generation = YES;
				INFOPLIST_KEY_UISupportedInterfaceOrientations_iPad = "UIInterfaceOrientationPortrait UIInterfaceOrientationPortraitUpsideDown UIInterfaceOrientationLandscapeLeft UIInterfaceOrientationLandscapeRight";
				INFOPLIST_KEY_UISupportedInterfaceOrientations_iPhone = "UIInterfaceOrientationPortrait UIInterfaceOrientationLandscapeLeft UIInterfaceOrientationLandscapeRight";
				IPHONEOS_DEPLOYMENT_TARGET = 15.5;
				LD_RUNPATH_SEARCH_PATHS = (
					"$(inherited)",
					"@executable_path/Frameworks",
				);
				MARKETING_VERSION = 1.0;
				PRODUCT_BUNDLE_IDENTIFIER = sa.adatwq.ArwaFuraih.Macro;
				PRODUCT_NAME = "$(TARGET_NAME)";
				SWIFT_EMIT_LOC_STRINGS = YES;
				SWIFT_VERSION = 5.0;
				TARGETED_DEVICE_FAMILY = "1,2";
			};
			name = Debug;
		};
		7AA91EA728466B60006B6BF9 /* Release */ = {
			isa = XCBuildConfiguration;
			buildSettings = {
				ASSETCATALOG_COMPILER_APPICON_NAME = AppIcon;
				ASSETCATALOG_COMPILER_GLOBAL_ACCENT_COLOR_NAME = AccentColor;
				CODE_SIGN_STYLE = Automatic;
				CURRENT_PROJECT_VERSION = 1;
				DEVELOPMENT_ASSET_PATHS = "\"Macro/Preview Content\"";
				DEVELOPMENT_TEAM = CR765XPPGB;
				ENABLE_PREVIEWS = YES;
				GENERATE_INFOPLIST_FILE = YES;
				INFOPLIST_KEY_UIApplicationSceneManifest_Generation = YES;
				INFOPLIST_KEY_UIApplicationSupportsIndirectInputEvents = YES;
				INFOPLIST_KEY_UILaunchScreen_Generation = YES;
				INFOPLIST_KEY_UISupportedInterfaceOrientations_iPad = "UIInterfaceOrientationPortrait UIInterfaceOrientationPortraitUpsideDown UIInterfaceOrientationLandscapeLeft UIInterfaceOrientationLandscapeRight";
				INFOPLIST_KEY_UISupportedInterfaceOrientations_iPhone = "UIInterfaceOrientationPortrait UIInterfaceOrientationLandscapeLeft UIInterfaceOrientationLandscapeRight";
				IPHONEOS_DEPLOYMENT_TARGET = 15.5;
				LD_RUNPATH_SEARCH_PATHS = (
					"$(inherited)",
					"@executable_path/Frameworks",
				);
				MARKETING_VERSION = 1.0;
				PRODUCT_BUNDLE_IDENTIFIER = sa.adatwq.ArwaFuraih.Macro;
				PRODUCT_NAME = "$(TARGET_NAME)";
				SWIFT_EMIT_LOC_STRINGS = YES;
				SWIFT_VERSION = 5.0;
				TARGETED_DEVICE_FAMILY = "1,2";
			};
			name = Release;
		};
/* End XCBuildConfiguration section */

/* Begin XCConfigurationList section */
		7AA91E9228466B5F006B6BF9 /* Build configuration list for PBXProject "Macro" */ = {
			isa = XCConfigurationList;
			buildConfigurations = (
				7AA91EA328466B60006B6BF9 /* Debug */,
				7AA91EA428466B60006B6BF9 /* Release */,
			);
			defaultConfigurationIsVisible = 0;
			defaultConfigurationName = Release;
		};
		7AA91EA528466B60006B6BF9 /* Build configuration list for PBXNativeTarget "Macro" */ = {
			isa = XCConfigurationList;
			buildConfigurations = (
				7AA91EA628466B60006B6BF9 /* Debug */,
				7AA91EA728466B60006B6BF9 /* Release */,
			);
			defaultConfigurationIsVisible = 0;
			defaultConfigurationName = Release;
		};
/* End XCConfigurationList section */

/* Begin XCRemoteSwiftPackageReference section */
		E007999028466E7E005F7252 /* XCRemoteSwiftPackageReference "swift-algorithms" */ = {
			isa = XCRemoteSwiftPackageReference;
			repositoryURL = "https://github.com/apple/swift-algorithms.git";
			requirement = {
				kind = upToNextMajorVersion;
				minimumVersion = 1.0.0;
			};
		};
		E0AE50D6285E837300312D29 /* XCRemoteSwiftPackageReference "rive-ios" */ = {
			isa = XCRemoteSwiftPackageReference;
			repositoryURL = "https://github.com/rive-app/rive-ios.git";
			requirement = {
				kind = upToNextMajorVersion;
				minimumVersion = 2.0.0;
			};
		};
		E0BAC1BE285F0B9F001D1E85 /* XCRemoteSwiftPackageReference "firebase-ios-sdk" */ = {
			isa = XCRemoteSwiftPackageReference;
			repositoryURL = "https://github.com/firebase/firebase-ios-sdk";
			requirement = {
				branch = master;
				kind = branch;
			};
		};
		E0E461DC2846DFEC0044E19D /* XCRemoteSwiftPackageReference "firebase-ios-sdk" */ = {
			isa = XCRemoteSwiftPackageReference;
			repositoryURL = "https://github.com/firebase/firebase-ios-sdk";
			requirement = {
				kind = upToNextMajorVersion;
				minimumVersion = 8.0.0;
			};
		};
/* End XCRemoteSwiftPackageReference section */

/* Begin XCSwiftPackageProductDependency section */
		E007999128466E7E005F7252 /* Algorithms */ = {
			isa = XCSwiftPackageProductDependency;
			package = E007999028466E7E005F7252 /* XCRemoteSwiftPackageReference "swift-algorithms" */;
			productName = Algorithms;
		};
		E0AE50D7285E837300312D29 /* RiveRuntime */ = {
			isa = XCSwiftPackageProductDependency;
			package = E0AE50D6285E837300312D29 /* XCRemoteSwiftPackageReference "rive-ios" */;
			productName = RiveRuntime;
		};
		E0BAC1BF285F0B9F001D1E85 /* FirebaseAuth */ = {
			isa = XCSwiftPackageProductDependency;
			package = E0BAC1BE285F0B9F001D1E85 /* XCRemoteSwiftPackageReference "firebase-ios-sdk" */;
			productName = FirebaseAuth;
		};
		E0BAC1C1285F0B9F001D1E85 /* FirebaseDatabase */ = {
			isa = XCSwiftPackageProductDependency;
			package = E0BAC1BE285F0B9F001D1E85 /* XCRemoteSwiftPackageReference "firebase-ios-sdk" */;
			productName = FirebaseDatabase;
		};
		E0BAC1C3285F0B9F001D1E85 /* FirebaseFirestore */ = {
			isa = XCSwiftPackageProductDependency;
			package = E0BAC1BE285F0B9F001D1E85 /* XCRemoteSwiftPackageReference "firebase-ios-sdk" */;
			productName = FirebaseFirestore;
		};
		E0BAC1C5285F0B9F001D1E85 /* FirebaseStorage */ = {
			isa = XCSwiftPackageProductDependency;
			package = E0BAC1BE285F0B9F001D1E85 /* XCRemoteSwiftPackageReference "firebase-ios-sdk" */;
			productName = FirebaseStorage;
		};
		E0E461DD2846DFEC0044E19D /* FirebaseAnalytics */ = {
			isa = XCSwiftPackageProductDependency;
			package = E0E461DC2846DFEC0044E19D /* XCRemoteSwiftPackageReference "firebase-ios-sdk" */;
			productName = FirebaseAnalytics;
		};
		E0E461DF2846DFEC0044E19D /* FirebaseAuth */ = {
			isa = XCSwiftPackageProductDependency;
			package = E0E461DC2846DFEC0044E19D /* XCRemoteSwiftPackageReference "firebase-ios-sdk" */;
			productName = FirebaseAuth;
		};
		E0E461E12846DFEC0044E19D /* FirebaseDatabase */ = {
			isa = XCSwiftPackageProductDependency;
			package = E0E461DC2846DFEC0044E19D /* XCRemoteSwiftPackageReference "firebase-ios-sdk" */;
			productName = FirebaseDatabase;
		};
		E0E461E32846DFEC0044E19D /* FirebaseStorage */ = {
			isa = XCSwiftPackageProductDependency;
			package = E0E461DC2846DFEC0044E19D /* XCRemoteSwiftPackageReference "firebase-ios-sdk" */;
			productName = FirebaseStorage;
		};
/* End XCSwiftPackageProductDependency section */

/* Begin XCVersionGroup section */
		E0B45655285B663F00ED1B37 /* SwiftUI_OTP.xcdatamodeld */ = {
			isa = XCVersionGroup;
			children = (
				E0B45656285B663F00ED1B37 /* SwiftUI_OTP.xcdatamodel */,
			);
			currentVersion = E0B45656285B663F00ED1B37 /* SwiftUI_OTP.xcdatamodel */;
			path = SwiftUI_OTP.xcdatamodeld;
			sourceTree = "<group>";
			versionGroupType = wrapper.xcdatamodel;
		};
/* End XCVersionGroup section */
	};
	rootObject = 7AA91E8F28466B5F006B6BF9 /* Project object */;
}
